{
  "name": "nextjs",
  "version": "0.1.0",
  "lockfileVersion": 3,
  "requires": true,
  "packages": {
    "": {
      "name": "nextjs",
      "version": "0.1.0",
      "dependencies": {
        "@auth0/nextjs-auth0": "^3.5.0",
        "@web3auth/base": "^8.12.4",
        "@web3auth/ethereum-provider": "^8.12.4",
        "@web3auth/no-modal": "^8.12.4",
        "@web3auth/openlogin-adapter": "^8.12.4",
        "axios": "^1.7.6",
        "http-proxy": "^1.18.1",
        "http-proxy-middleware": "^3.0.0",
        "next": "14.2.6",
        "react": "^18",
        "react-dom": "^18",
        "web3": "^4.12.1"
      },
      "devDependencies": {
        "@types/http-proxy": "^1.17.15",
        "@types/node": "^20",
        "@types/react": "^18",
        "@types/react-dom": "^18",
        "autoprefixer": "^10.0.1",
        "postcss": "^8.4.40",
        "tailwindcss": "^3.4.7",
        "typescript": "^5"
      }
    },
    "../../node_modules/.pnpm/@auth0+nextjs-auth0@3.5.0_next@14.2.6_react-dom@18.3.1_react@18.3.1__react@18.3.1_/node_modules/@auth0/nextjs-auth0": {
      "version": "3.5.0",
      "license": "MIT",
      "dependencies": {
        "@panva/hkdf": "^1.0.2",
        "cookie": "^0.6.0",
        "debug": "^4.3.4",
        "joi": "^17.6.0",
        "jose": "^4.9.2",
        "oauth4webapi": "^2.3.0",
        "openid-client": "^5.2.1",
        "tslib": "^2.4.0",
        "url-join": "^4.0.1"
      },
      "devDependencies": {
        "@edge-runtime/jest-environment": "^2.1.0",
        "@testing-library/jest-dom": "^5.11.9",
        "@testing-library/react": "^13.4.0",
        "@testing-library/react-hooks": "^5.0.3",
        "@types/body-parser": "^1.19.0",
        "@types/clone": "^2.1.0",
        "@types/cookie": "^0.6.0",
        "@types/debug": "^4.1.5",
        "@types/jest": "^29.5.2",
        "@types/jsonwebtoken": "^8.5.0",
        "@types/node": "^18.11.18",
        "@types/node-fetch": "^2.6.4",
        "@types/on-headers": "^1.0.0",
        "@types/react": "^18.0.24",
        "@types/react-dom": "^17.0.9",
        "@types/tough-cookie": "^4.0.0",
        "@types/url-join": "^4.0.0",
        "@types/webpack": "^4.41.26",
        "@typescript-eslint/eslint-plugin": "^4.13.0",
        "@typescript-eslint/parser": "^4.13.0",
        "body-parser": "^1.19.0",
        "browserstack-cypress-cli": "^1.19.1",
        "cypress": "^13.2.0",
        "eslint": "^7.17.0",
        "eslint-config-prettier": "^8.1.0",
        "eslint-import-resolver-typescript": "^3.5.2",
        "eslint-plugin-import": "^2.22.1",
        "eslint-plugin-jsx-a11y": "^6.4.1",
        "eslint-plugin-prettier": "^3.3.1",
        "eslint-plugin-react": "^7.22.0",
        "eslint-plugin-react-hooks": "^4.2.0",
        "expect-type": "^0.17.3",
        "jest": "^29.5.0",
        "jest-environment-jsdom": "^29.5.0",
        "jest-environment-node-single-context": "^27.3.0",
        "next": "^13.4.10",
        "nock": "^13.0.5",
        "node-fetch": "^2.6.11",
        "oidc-provider": "^7.6.0",
        "on-headers": "^1.0.2",
        "prettier": "^2.2.1",
        "react": "^18.2.0",
        "react-dom": "^18.2.0",
        "react-test-renderer": "^18.2.0",
        "rimraf": "^3.0.2",
        "start-server-and-test": "^1.11.7",
        "timekeeper": "^2.2.0",
        "tough-cookie": "^4.0.0",
        "ts-jest": "^29.1.0",
        "typedoc": "^0.25.1",
        "typescript": "^4.1.3"
      },
      "engines": {
        "node": ">=16"
      },
      "peerDependencies": {
        "next": ">=10"
      }
    },
    "../../node_modules/.pnpm/@types+node@20.14.13/node_modules/@types/node": {
      "version": "20.14.13",
      "license": "MIT",
      "dependencies": {
        "undici-types": "~5.26.4"
      }
    },
    "../../node_modules/.pnpm/@types+react-dom@18.3.0/node_modules/@types/react-dom": {
      "version": "18.3.0",
      "dev": true,
      "license": "MIT",
      "dependencies": {
        "@types/react": "*"
      }
    },
    "../../node_modules/.pnpm/@types+react@18.3.3/node_modules/@types/react": {
      "version": "18.3.3",
      "dev": true,
      "license": "MIT",
      "dependencies": {
        "@types/prop-types": "*",
        "csstype": "^3.0.2"
      }
    },
    "../../node_modules/.pnpm/@web3auth+base@8.12.4_@babel+runtime@7.25.4/node_modules/@web3auth/base": {
      "version": "8.12.4",
      "license": "ISC",
      "dependencies": {
        "@toruslabs/constants": "^13.4.0",
        "@toruslabs/http-helpers": "^6.1.1",
        "@toruslabs/openlogin": "^8.2.1",
        "@toruslabs/openlogin-jrpc": "^8.3.0",
        "@toruslabs/openlogin-utils": "^8.2.1",
        "jwt-decode": "^4.0.0",
        "loglevel": "^1.9.1",
        "ts-custom-error": "^3.3.1"
      },
      "engines": {
        "node": ">=18.x",
        "npm": ">=9.x"
      },
      "peerDependencies": {
        "@babel/runtime": "^7.x"
      }
    },
    "../../node_modules/.pnpm/@web3auth+ethereum-provider@8.12.4_@babel+runtime@7.25.4/node_modules/@web3auth/ethereum-provider": {
      "version": "8.12.4",
      "license": "ISC",
      "dependencies": {
        "@ethereumjs/common": "^4.3.0",
        "@ethereumjs/tx": "^5.3.0",
        "@ethereumjs/util": "^9.0.3",
        "@metamask/eth-sig-util": "7.0.2",
        "@toruslabs/base-controllers": "^5.10.0",
        "@toruslabs/http-helpers": "^6.1.1",
        "@toruslabs/openlogin-jrpc": "^8.3.0",
        "@web3auth/base": "^8.12.4",
        "@web3auth/base-provider": "^8.12.4",
        "assert": "^2.1.0",
        "bignumber.js": "^9.1.2",
        "bn.js": "^5.2.1",
        "jsonschema": "^1.4.1"
      },
      "devDependencies": {
        "@types/bn.js": "^5.1.5",
        "@types/json-rpc-random-id": "^1.0.3",
        "@walletconnect/types": "^2.14.0"
      },
      "engines": {
        "node": ">=18.x",
        "npm": ">=9.x"
      },
      "peerDependencies": {
        "@babel/runtime": "7.x"
      }
    },
    "../../node_modules/.pnpm/@web3auth+no-modal@8.12.4_@babel+runtime@7.25.4_@web3auth+openlogin-adapter@8.12.4_@babel+runtime@7.25.4_/node_modules/@web3auth/no-modal": {
      "version": "8.12.4",
      "license": "ISC",
      "dependencies": {
        "@toruslabs/openlogin": "^8.2.1",
        "@toruslabs/openlogin-jrpc": "^8.3.0",
        "@toruslabs/openlogin-utils": "^8.2.1",
        "@web3auth/base": "^8.12.4",
        "@web3auth/base-provider": "^8.12.4",
        "lodash.clonedeep": "^4.5.0",
        "lodash.merge": "^4.6.2"
      },
      "devDependencies": {
        "@web3auth/openlogin-adapter": "^8.12.4",
        "@web3auth/wallet-connect-v2-adapter": "^8.12.4"
      },
      "engines": {
        "node": ">=18.x",
        "npm": ">=9.x"
      },
      "peerDependencies": {
        "@babel/runtime": "^7.x",
        "@web3auth/openlogin-adapter": "^8.x",
        "@web3auth/wallet-connect-v2-adapter": "^8.x"
      },
      "peerDependenciesMeta": {
        "@web3auth/openlogin-adapter": {
          "optional": true
        },
        "@web3auth/wallet-connect-v2-adapter": {
          "optional": true
        }
      }
    },
    "../../node_modules/.pnpm/@web3auth+openlogin-adapter@8.12.4_@babel+runtime@7.25.4/node_modules/@web3auth/openlogin-adapter": {
      "version": "8.12.4",
      "license": "ISC",
      "dependencies": {
        "@toruslabs/openlogin": "^8.2.1",
        "@toruslabs/openlogin-utils": "^8.2.1",
        "@web3auth/base": "^8.12.4",
        "@web3auth/base-provider": "^8.12.4",
        "lodash.merge": "^4.6.2"
      },
      "devDependencies": {
        "@types/lodash.merge": "^4.6.9"
      },
      "engines": {
        "node": ">=18.x",
        "npm": ">=9.x"
      },
      "peerDependencies": {
        "@babel/runtime": "^7.x"
      }
    },
    "../../node_modules/.pnpm/autoprefixer@10.4.19_postcss@8.4.40/node_modules/autoprefixer": {
      "version": "10.4.19",
      "dev": true,
      "funding": [
        {
          "type": "opencollective",
          "url": "https://opencollective.com/postcss/"
        },
        {
          "type": "tidelift",
          "url": "https://tidelift.com/funding/github/npm/autoprefixer"
        },
        {
          "type": "github",
          "url": "https://github.com/sponsors/ai"
        }
      ],
      "license": "MIT",
      "dependencies": {
        "browserslist": "^4.23.0",
        "caniuse-lite": "^1.0.30001599",
        "fraction.js": "^4.3.7",
        "normalize-range": "^0.1.2",
        "picocolors": "^1.0.0",
        "postcss-value-parser": "^4.2.0"
      },
      "bin": {
        "autoprefixer": "bin/autoprefixer"
      },
      "engines": {
        "node": "^10 || ^12 || >=14"
      },
      "peerDependencies": {
        "postcss": "^8.1.0"
      }
    },
    "../../node_modules/.pnpm/next@14.2.6_react-dom@18.3.1_react@18.3.1__react@18.3.1/node_modules/next": {
      "version": "14.2.6",
      "license": "MIT",
      "dependencies": {
        "@next/env": "14.2.6",
        "@swc/helpers": "0.5.5",
        "busboy": "1.6.0",
        "caniuse-lite": "^1.0.30001579",
        "graceful-fs": "^4.2.11",
        "postcss": "8.4.31",
        "styled-jsx": "5.1.1"
      },
      "bin": {
        "next": "dist/bin/next"
      },
      "devDependencies": {
        "@ampproject/toolbox-optimizer": "2.8.3",
        "@babel/code-frame": "7.22.5",
        "@babel/core": "7.22.5",
        "@babel/eslint-parser": "7.22.5",
        "@babel/generator": "7.22.5",
        "@babel/plugin-proposal-class-properties": "7.18.6",
        "@babel/plugin-proposal-export-namespace-from": "7.18.9",
        "@babel/plugin-proposal-numeric-separator": "7.18.6",
        "@babel/plugin-proposal-object-rest-spread": "7.20.7",
        "@babel/plugin-syntax-bigint": "7.8.3",
        "@babel/plugin-syntax-dynamic-import": "7.8.3",
        "@babel/plugin-syntax-import-assertions": "7.22.5",
        "@babel/plugin-syntax-jsx": "7.22.5",
        "@babel/plugin-transform-modules-commonjs": "7.22.5",
        "@babel/plugin-transform-runtime": "7.22.5",
        "@babel/preset-env": "7.22.5",
        "@babel/preset-react": "7.22.5",
        "@babel/preset-typescript": "7.22.5",
        "@babel/runtime": "7.22.5",
        "@babel/traverse": "7.22.5",
        "@babel/types": "7.22.5",
        "@capsizecss/metrics": "2.2.0",
        "@edge-runtime/cookies": "4.1.1",
        "@edge-runtime/ponyfill": "2.4.2",
        "@edge-runtime/primitives": "4.1.0",
        "@hapi/accept": "5.0.2",
        "@jest/transform": "29.5.0",
        "@jest/types": "29.5.0",
        "@mswjs/interceptors": "0.23.0",
        "@napi-rs/triples": "1.2.0",
        "@next/polyfill-module": "14.2.6",
        "@next/polyfill-nomodule": "14.2.6",
        "@next/react-refresh-utils": "14.2.6",
        "@next/swc": "14.2.6",
        "@opentelemetry/api": "1.6.0",
        "@playwright/test": "1.41.2",
        "@taskr/clear": "1.1.0",
        "@taskr/esnext": "1.1.0",
        "@types/amphtml-validator": "1.0.0",
        "@types/babel__code-frame": "7.0.2",
        "@types/babel__core": "7.1.12",
        "@types/babel__generator": "7.6.2",
        "@types/babel__template": "7.4.0",
        "@types/babel__traverse": "7.11.0",
        "@types/bytes": "3.1.1",
        "@types/ci-info": "2.0.0",
        "@types/compression": "0.0.36",
        "@types/content-disposition": "0.5.4",
        "@types/content-type": "1.1.3",
        "@types/cookie": "0.3.3",
        "@types/cross-spawn": "6.0.0",
        "@types/debug": "4.1.5",
        "@types/express-serve-static-core": "4.17.33",
        "@types/fresh": "0.5.0",
        "@types/glob": "7.1.1",
        "@types/graceful-fs": "4.1.9",
        "@types/jsonwebtoken": "9.0.0",
        "@types/lodash": "4.14.198",
        "@types/lodash.curry": "4.1.6",
        "@types/lru-cache": "5.1.0",
        "@types/path-to-regexp": "1.7.0",
        "@types/picomatch": "2.3.3",
        "@types/platform": "1.3.4",
        "@types/react": "18.2.37",
        "@types/react-dom": "18.2.15",
        "@types/react-is": "17.0.3",
        "@types/semver": "7.3.1",
        "@types/send": "0.14.4",
        "@types/shell-quote": "1.7.1",
        "@types/tar": "6.1.5",
        "@types/text-table": "0.2.1",
        "@types/ua-parser-js": "0.7.36",
        "@types/uuid": "8.3.1",
        "@types/webpack-sources1": "npm:@types/webpack-sources@0.1.5",
        "@types/ws": "8.2.0",
        "@vercel/ncc": "0.34.0",
        "@vercel/nft": "0.26.4",
        "@vercel/turbopack-ecmascript-runtime": "https://gitpkg-fork.vercel.sh/vercel/turbo/crates/turbopack-ecmascript-runtime/js?turbopack-240417.2",
        "acorn": "8.11.3",
        "amphtml-validator": "1.0.35",
        "anser": "1.4.9",
        "arg": "4.1.0",
        "assert": "2.0.0",
        "async-retry": "1.2.3",
        "async-sema": "3.0.0",
        "babel-plugin-transform-define": "2.0.0",
        "babel-plugin-transform-react-remove-prop-types": "0.4.24",
        "browserify-zlib": "0.2.0",
        "browserslist": "4.22.2",
        "buffer": "5.6.0",
        "bytes": "3.1.1",
        "ci-info": "watson/ci-info#f43f6a1cefff47fb361c88cf4b943fdbcaafe540",
        "cli-select": "1.1.2",
        "client-only": "0.0.1",
        "commander": "12.0.0",
        "comment-json": "3.0.3",
        "compression": "1.7.4",
        "conf": "5.0.0",
        "constants-browserify": "1.0.0",
        "content-disposition": "0.5.3",
        "content-type": "1.0.4",
        "cookie": "0.4.1",
        "cross-spawn": "7.0.3",
        "crypto-browserify": "3.12.0",
        "css.escape": "1.5.1",
        "cssnano-preset-default": "5.2.14",
        "data-uri-to-buffer": "3.0.1",
        "debug": "4.1.1",
        "devalue": "2.0.1",
        "domain-browser": "4.19.0",
        "edge-runtime": "2.5.4",
        "events": "3.3.0",
        "find-up": "4.1.0",
        "fresh": "0.5.2",
        "get-orientation": "1.1.2",
        "glob": "7.1.7",
        "gzip-size": "5.1.1",
        "http-proxy": "1.18.1",
        "http-proxy-agent": "5.0.0",
        "https-browserify": "1.0.0",
        "https-proxy-agent": "5.0.1",
        "icss-utils": "5.1.0",
        "ignore-loader": "0.1.2",
        "image-size": "1.0.0",
        "is-docker": "2.0.0",
        "is-wsl": "2.2.0",
        "jest-worker": "27.5.1",
        "json5": "2.2.3",
        "jsonwebtoken": "9.0.0",
        "loader-runner": "4.3.0",
        "loader-utils2": "npm:loader-utils@2.0.0",
        "loader-utils3": "npm:loader-utils@3.1.3",
        "lodash.curry": "4.1.1",
        "lru-cache": "5.1.1",
        "mini-css-extract-plugin": "2.4.4",
        "msw": "1.3.0",
        "nanoid": "3.1.32",
        "native-url": "0.3.4",
        "neo-async": "2.6.1",
        "node-html-parser": "5.3.3",
        "ora": "4.0.4",
        "os-browserify": "0.3.0",
        "p-limit": "3.1.0",
        "path-browserify": "1.0.1",
        "path-to-regexp": "6.1.0",
        "picomatch": "4.0.1",
        "platform": "1.3.6",
        "postcss-flexbugs-fixes": "5.0.2",
        "postcss-modules-extract-imports": "3.0.0",
        "postcss-modules-local-by-default": "4.0.4",
        "postcss-modules-scope": "3.0.0",
        "postcss-modules-values": "4.0.0",
        "postcss-preset-env": "7.4.3",
        "postcss-safe-parser": "6.0.0",
        "postcss-scss": "4.0.3",
        "postcss-value-parser": "4.2.0",
        "process": "0.11.10",
        "punycode": "2.1.1",
        "querystring-es3": "0.2.1",
        "raw-body": "2.4.1",
        "react-is": "18.2.0",
        "react-refresh": "0.12.0",
        "regenerator-runtime": "0.13.4",
        "sass-loader": "12.4.0",
        "schema-utils2": "npm:schema-utils@2.7.1",
        "schema-utils3": "npm:schema-utils@3.0.0",
        "semver": "7.3.2",
        "send": "0.17.1",
        "server-only": "0.0.1",
        "setimmediate": "1.0.5",
        "shell-quote": "1.7.3",
        "source-map": "0.6.1",
        "source-map08": "npm:source-map@0.8.0-beta.0",
        "stacktrace-parser": "0.1.10",
        "stream-browserify": "3.0.0",
        "stream-http": "3.1.1",
        "strict-event-emitter": "0.5.0",
        "string_decoder": "1.3.0",
        "string-hash": "1.1.3",
        "strip-ansi": "6.0.0",
        "superstruct": "1.0.3",
        "tar": "6.1.15",
        "taskr": "1.1.0",
        "terser": "5.27.0",
        "terser-webpack-plugin": "5.3.9",
        "text-table": "0.2.0",
        "timers-browserify": "2.0.12",
        "tty-browserify": "0.0.1",
        "ua-parser-js": "1.0.35",
        "unistore": "3.4.1",
        "util": "0.12.4",
        "uuid": "8.3.2",
        "vm-browserify": "1.1.2",
        "watchpack": "2.4.0",
        "web-vitals": "3.0.0",
        "webpack": "5.90.0",
        "webpack-sources1": "npm:webpack-sources@1.4.3",
        "webpack-sources3": "npm:webpack-sources@3.2.3",
        "ws": "8.2.3",
        "zod": "3.22.3"
      },
      "engines": {
        "node": ">=18.17.0"
      },
      "optionalDependencies": {
        "@next/swc-darwin-arm64": "14.2.6",
        "@next/swc-darwin-x64": "14.2.6",
        "@next/swc-linux-arm64-gnu": "14.2.6",
        "@next/swc-linux-arm64-musl": "14.2.6",
        "@next/swc-linux-x64-gnu": "14.2.6",
        "@next/swc-linux-x64-musl": "14.2.6",
        "@next/swc-win32-arm64-msvc": "14.2.6",
        "@next/swc-win32-ia32-msvc": "14.2.6",
        "@next/swc-win32-x64-msvc": "14.2.6"
      },
      "peerDependencies": {
        "@opentelemetry/api": "^1.1.0",
        "@playwright/test": "^1.41.2",
        "react": "^18.2.0",
        "react-dom": "^18.2.0",
        "sass": "^1.3.0"
      },
      "peerDependenciesMeta": {
        "@opentelemetry/api": {
          "optional": true
        },
        "@playwright/test": {
          "optional": true
        },
        "sass": {
          "optional": true
        }
      }
    },
    "../../node_modules/.pnpm/postcss@8.4.40/node_modules/postcss": {
      "version": "8.4.40",
      "dev": true,
      "funding": [
        {
          "type": "opencollective",
          "url": "https://opencollective.com/postcss/"
        },
        {
          "type": "tidelift",
          "url": "https://tidelift.com/funding/github/npm/postcss"
        },
        {
          "type": "github",
          "url": "https://github.com/sponsors/ai"
        }
      ],
      "license": "MIT",
      "dependencies": {
        "nanoid": "^3.3.7",
        "picocolors": "^1.0.1",
        "source-map-js": "^1.2.0"
      },
      "engines": {
        "node": "^10 || ^12 || >=14"
      }
    },
    "../../node_modules/.pnpm/react-dom@18.3.1_react@18.3.1/node_modules/react-dom": {
      "version": "18.3.1",
      "license": "MIT",
      "dependencies": {
        "loose-envify": "^1.1.0",
        "scheduler": "^0.23.2"
      },
      "peerDependencies": {
        "react": "^18.3.1"
      }
    },
    "../../node_modules/.pnpm/react@18.3.1/node_modules/react": {
      "version": "18.3.1",
      "license": "MIT",
      "dependencies": {
        "loose-envify": "^1.1.0"
      },
      "engines": {
        "node": ">=0.10.0"
      }
    },
    "../../node_modules/.pnpm/tailwindcss@3.4.7_ts-node@10.9.2_@types+node@20.14.13_typescript@5.4.5_/node_modules/tailwindcss": {
      "version": "3.4.7",
      "dev": true,
      "license": "MIT",
      "dependencies": {
        "@alloc/quick-lru": "^5.2.0",
        "arg": "^5.0.2",
        "chokidar": "^3.5.3",
        "didyoumean": "^1.2.2",
        "dlv": "^1.1.3",
        "fast-glob": "^3.3.0",
        "glob-parent": "^6.0.2",
        "is-glob": "^4.0.3",
        "jiti": "^1.21.0",
        "lilconfig": "^2.1.0",
        "micromatch": "^4.0.5",
        "normalize-path": "^3.0.0",
        "object-hash": "^3.0.0",
        "picocolors": "^1.0.0",
        "postcss": "^8.4.23",
        "postcss-import": "^15.1.0",
        "postcss-js": "^4.0.1",
        "postcss-load-config": "^4.0.1",
        "postcss-nested": "^6.0.1",
        "postcss-selector-parser": "^6.0.11",
        "resolve": "^1.22.2",
        "sucrase": "^3.32.0"
      },
      "bin": {
        "tailwind": "lib/cli.js",
        "tailwindcss": "lib/cli.js"
      },
      "devDependencies": {
        "@swc/cli": "^0.1.62",
        "@swc/core": "^1.3.55",
        "@swc/jest": "^0.2.26",
        "@swc/register": "^0.1.10",
        "autoprefixer": "^10.4.14",
        "browserslist": "^4.21.5",
        "concurrently": "^8.0.1",
        "cssnano": "^6.0.0",
        "esbuild": "^0.20.2",
        "eslint": "^8.39.0",
        "eslint-config-prettier": "^8.8.0",
        "eslint-plugin-prettier": "^4.2.1",
        "jest": "^29.6.0",
        "jest-diff": "^29.6.0",
        "lightningcss": "1.24.1",
        "prettier": "^2.8.8",
        "rimraf": "^5.0.0",
        "source-map-js": "^1.0.2",
        "turbo": "^1.9.3"
      },
      "engines": {
        "node": ">=14.0.0"
      }
    },
    "../../node_modules/.pnpm/typescript@5.4.5/node_modules/typescript": {
      "version": "5.4.5",
      "dev": true,
      "license": "Apache-2.0",
      "bin": {
        "tsc": "bin/tsc",
        "tsserver": "bin/tsserver"
      },
      "devDependencies": {
        "@esfx/canceltoken": "^1.0.0",
        "@octokit/rest": "^20.0.2",
        "@types/chai": "^4.3.11",
        "@types/glob": "^8.1.0",
        "@types/microsoft__typescript-etw": "^0.1.3",
        "@types/minimist": "^1.2.5",
        "@types/mocha": "^10.0.6",
        "@types/ms": "^0.7.34",
        "@types/node": "latest",
        "@types/source-map-support": "^0.5.10",
        "@types/which": "^3.0.3",
        "@typescript-eslint/eslint-plugin": "^6.19.0",
        "@typescript-eslint/parser": "^6.19.0",
        "@typescript-eslint/utils": "^6.19.0",
        "azure-devops-node-api": "^12.3.0",
        "c8": "^9.1.0",
        "chai": "^4.4.1",
        "chalk": "^4.1.2",
        "chokidar": "^3.5.3",
        "diff": "^5.1.0",
        "dprint": "^0.45.0",
        "esbuild": "^0.20.0",
        "eslint": "^8.56.0",
        "eslint-formatter-autolinkable-stylish": "^1.3.0",
        "eslint-plugin-local": "^3.1.0",
        "eslint-plugin-no-null": "^1.0.2",
        "eslint-plugin-simple-import-sort": "^10.0.0",
        "fast-xml-parser": "^4.3.3",
        "glob": "^10.3.10",
        "hereby": "^1.8.9",
        "jsonc-parser": "^3.2.0",
        "minimist": "^1.2.8",
        "mocha": "^10.2.0",
        "mocha-fivemat-progress-reporter": "^0.1.0",
        "ms": "^2.1.3",
        "node-fetch": "^3.3.2",
        "playwright": "^1.41.0",
        "source-map-support": "^0.5.21",
        "tslib": "^2.6.2",
        "typescript": "5.4.0-dev.20240119",
        "which": "^3.0.1"
      },
      "engines": {
        "node": ">=14.17"
      }
    },
    "../../node_modules/.pnpm/web3@4.12.1_typescript@5.4.5_zod@3.23.8/node_modules/web3": {
      "version": "4.12.1",
      "license": "LGPL-3.0",
      "dependencies": {
        "web3-core": "^4.5.1",
        "web3-errors": "^1.3.0",
        "web3-eth": "^4.8.2",
        "web3-eth-abi": "^4.2.3",
        "web3-eth-accounts": "^4.2.1",
        "web3-eth-contract": "^4.7.0",
        "web3-eth-ens": "^4.4.0",
        "web3-eth-iban": "^4.0.7",
        "web3-eth-personal": "^4.0.8",
        "web3-net": "^4.1.0",
        "web3-providers-http": "^4.2.0",
        "web3-providers-ws": "^4.0.8",
        "web3-rpc-methods": "^1.3.0",
        "web3-rpc-providers": "^1.0.0-rc.2",
        "web3-types": "^1.7.0",
        "web3-utils": "^4.3.1",
        "web3-validator": "^2.0.6"
      },
      "devDependencies": {
        "@truffle/hdwallet-provider": "^2.0.12",
        "@types/benchmark": "^2.1.5",
        "@types/jest": "^28.1.6",
        "@typescript-eslint/eslint-plugin": "^5.30.7",
        "@typescript-eslint/parser": "^5.30.7",
        "benchmark": "^2.1.4",
        "eslint": "^8.20.0",
        "eslint-config-base-web3": "0.1.0",
        "eslint-config-prettier": "^8.5.0",
        "eslint-plugin-import": "^2.26.0",
        "ethereum-cryptography": "^2.1.2",
        "ganache": "^7.5.0",
        "hardhat": "^2.19.4",
        "in3": "^3.3.3",
        "jest": "^29.7.0",
        "jest-extended": "^3.0.1",
        "prettier": "^2.7.1",
        "ts-jest": "^29.1.1",
        "typescript": "^4.7.4",
        "web3-providers-ipc": "^4.0.7"
      },
      "engines": {
        "node": ">=14.0.0",
        "npm": ">=6.12.0"
      }
    },
    "node_modules/@auth0/nextjs-auth0": {
      "resolved": "../../node_modules/.pnpm/@auth0+nextjs-auth0@3.5.0_next@14.2.6_react-dom@18.3.1_react@18.3.1__react@18.3.1_/node_modules/@auth0/nextjs-auth0",
      "link": true
    },
    "node_modules/@types/http-proxy": {
      "version": "1.17.15",
      "resolved": "https://registry.npmjs.org/@types/http-proxy/-/http-proxy-1.17.15.tgz",
      "integrity": "sha512-25g5atgiVNTIv0LBDTg1H74Hvayx0ajtJPLLcYE3whFv75J0pWNtOBzaXJQgDTmrX1bx5U9YC2w/n65BN1HwRQ==",
      "dependencies": {
        "@types/node": "*"
      }
    },
    "node_modules/@types/node": {
      "resolved": "../../node_modules/.pnpm/@types+node@20.14.13/node_modules/@types/node",
      "link": true
    },
    "node_modules/@types/react": {
      "resolved": "../../node_modules/.pnpm/@types+react@18.3.3/node_modules/@types/react",
      "link": true
    },
    "node_modules/@types/react-dom": {
      "resolved": "../../node_modules/.pnpm/@types+react-dom@18.3.0/node_modules/@types/react-dom",
      "link": true
    },
    "node_modules/@web3auth/base": {
      "resolved": "../../node_modules/.pnpm/@web3auth+base@8.12.4_@babel+runtime@7.25.4/node_modules/@web3auth/base",
      "link": true
    },
    "node_modules/@web3auth/ethereum-provider": {
      "resolved": "../../node_modules/.pnpm/@web3auth+ethereum-provider@8.12.4_@babel+runtime@7.25.4/node_modules/@web3auth/ethereum-provider",
      "link": true
    },
    "node_modules/@web3auth/no-modal": {
      "resolved": "../../node_modules/.pnpm/@web3auth+no-modal@8.12.4_@babel+runtime@7.25.4_@web3auth+openlogin-adapter@8.12.4_@babel+runtime@7.25.4_/node_modules/@web3auth/no-modal",
      "link": true
    },
    "node_modules/@web3auth/openlogin-adapter": {
      "resolved": "../../node_modules/.pnpm/@web3auth+openlogin-adapter@8.12.4_@babel+runtime@7.25.4/node_modules/@web3auth/openlogin-adapter",
      "link": true
    },
    "node_modules/asynckit": {
      "version": "0.4.0",
      "resolved": "https://registry.npmjs.org/asynckit/-/asynckit-0.4.0.tgz",
      "integrity": "sha512-Oei9OH4tRh0YqU3GxhX79dM/mwVgvbZJaSNaRk+bshkj0S5cfHcgYakreBjrHwatXKbz+IoIdYLxrKim2MjW0Q=="
    },
    "node_modules/autoprefixer": {
      "resolved": "../../node_modules/.pnpm/autoprefixer@10.4.19_postcss@8.4.40/node_modules/autoprefixer",
      "link": true
    },
    "node_modules/axios": {
      "version": "1.7.6",
      "resolved": "https://registry.npmjs.org/axios/-/axios-1.7.6.tgz",
      "integrity": "sha512-Ekur6XDwhnJ5RgOCaxFnXyqlPALI3rVeukZMwOdfghW7/wGz784BYKiQq+QD8NPcr91KRo30KfHOchyijwWw7g==",
      "dependencies": {
        "follow-redirects": "^1.15.6",
        "form-data": "^4.0.0",
        "proxy-from-env": "^1.1.0"
      }
    },
    "node_modules/braces": {
      "version": "3.0.3",
      "resolved": "https://registry.npmjs.org/braces/-/braces-3.0.3.tgz",
      "integrity": "sha512-yQbXgO/OSZVD2IsiLlro+7Hf6Q18EJrKSEsdoMzKePKXct3gvD8oLcOQdIzGupr5Fj+EDe8gO/lxc1BzfMpxvA==",
      "dependencies": {
        "fill-range": "^7.1.1"
      },
      "engines": {
        "node": ">=8"
      }
    },
    "node_modules/combined-stream": {
      "version": "1.0.8",
      "resolved": "https://registry.npmjs.org/combined-stream/-/combined-stream-1.0.8.tgz",
      "integrity": "sha512-FQN4MRfuJeHf7cBbBMJFXhKSDq+2kAArBlmRBvcvFE5BB1HZKXtSFASDhdlz9zOYwxh8lDdnvmMOe/+5cdoEdg==",
      "dependencies": {
        "delayed-stream": "~1.0.0"
      },
      "engines": {
        "node": ">= 0.8"
      }
    },
    "node_modules/debug": {
      "version": "4.3.6",
      "resolved": "https://registry.npmjs.org/debug/-/debug-4.3.6.tgz",
      "integrity": "sha512-O/09Bd4Z1fBrU4VzkhFqVgpPzaGbw6Sm9FEkBT1A/YBXQFGuuSxa1dN2nxgxS34JmKXqYx8CZAwEVoJFImUXIg==",
      "dependencies": {
        "ms": "2.1.2"
      },
      "engines": {
        "node": ">=6.0"
      },
      "peerDependenciesMeta": {
        "supports-color": {
          "optional": true
        }
      }
    },
    "node_modules/delayed-stream": {
      "version": "1.0.0",
      "resolved": "https://registry.npmjs.org/delayed-stream/-/delayed-stream-1.0.0.tgz",
      "integrity": "sha512-ZySD7Nf91aLB0RxL4KGrKHBXl7Eds1DAmEdcoVawXnLD7SDhpNgtuII2aAkg7a7QS41jxPSZ17p4VdGnMHk3MQ==",
      "engines": {
        "node": ">=0.4.0"
      }
    },
    "node_modules/eventemitter3": {
      "version": "4.0.7",
      "resolved": "https://registry.npmjs.org/eventemitter3/-/eventemitter3-4.0.7.tgz",
      "integrity": "sha512-8guHBZCwKnFhYdHr2ysuRWErTwhoN2X8XELRlrRwpmfeY2jjuUN4taQMsULKUVo1K4DvZl+0pgfyoysHxvmvEw=="
    },
    "node_modules/fill-range": {
      "version": "7.1.1",
      "resolved": "https://registry.npmjs.org/fill-range/-/fill-range-7.1.1.tgz",
      "integrity": "sha512-YsGpe3WHLK8ZYi4tWDg2Jy3ebRz2rXowDxnld4bkQB00cc/1Zw9AWnC0i9ztDJitivtQvaI9KaLyKrc+hBW0yg==",
      "dependencies": {
        "to-regex-range": "^5.0.1"
      },
      "engines": {
        "node": ">=8"
      }
    },
    "node_modules/follow-redirects": {
      "version": "1.15.6",
      "resolved": "https://registry.npmjs.org/follow-redirects/-/follow-redirects-1.15.6.tgz",
      "integrity": "sha512-wWN62YITEaOpSK584EZXJafH1AGpO8RVgElfkuXbTOrPX4fIfOyEpW/CsiNd8JdYrAoOvafRTOEnvsO++qCqFA==",
      "funding": [
        {
          "type": "individual",
          "url": "https://github.com/sponsors/RubenVerborgh"
        }
      ],
      "engines": {
        "node": ">=4.0"
      },
      "peerDependenciesMeta": {
        "debug": {
          "optional": true
        }
      }
    },
    "node_modules/form-data": {
      "version": "4.0.0",
      "resolved": "https://registry.npmjs.org/form-data/-/form-data-4.0.0.tgz",
      "integrity": "sha512-ETEklSGi5t0QMZuiXoA/Q6vcnxcLQP5vdugSpuAyi6SVGi2clPPp+xgEhuMaHC+zGgn31Kd235W35f7Hykkaww==",
      "dependencies": {
        "asynckit": "^0.4.0",
        "combined-stream": "^1.0.8",
        "mime-types": "^2.1.12"
      },
      "engines": {
        "node": ">= 6"
      }
    },
    "node_modules/http-proxy": {
      "version": "1.18.1",
      "resolved": "https://registry.npmjs.org/http-proxy/-/http-proxy-1.18.1.tgz",
      "integrity": "sha512-7mz/721AbnJwIVbnaSv1Cz3Am0ZLT/UBwkC92VlxhXv/k/BBQfM2fXElQNC27BVGr0uwUpplYPQM9LnaBMR5NQ==",
      "dependencies": {
        "eventemitter3": "^4.0.0",
        "follow-redirects": "^1.0.0",
        "requires-port": "^1.0.0"
      },
      "engines": {
        "node": ">=8.0.0"
      }
    },
    "node_modules/http-proxy-middleware": {
      "version": "3.0.0",
      "resolved": "https://registry.npmjs.org/http-proxy-middleware/-/http-proxy-middleware-3.0.0.tgz",
      "integrity": "sha512-36AV1fIaI2cWRzHo+rbcxhe3M3jUDCNzc4D5zRl57sEWRAxdXYtw7FSQKYY6PDKssiAKjLYypbssHk+xs/kMXw==",
      "dependencies": {
        "@types/http-proxy": "^1.17.10",
        "debug": "^4.3.4",
        "http-proxy": "^1.18.1",
        "is-glob": "^4.0.1",
        "is-plain-obj": "^3.0.0",
        "micromatch": "^4.0.5"
      },
      "engines": {
        "node": "^14.15.0 || ^16.10.0 || >=18.0.0"
      }
    },
    "node_modules/is-extglob": {
      "version": "2.1.1",
      "resolved": "https://registry.npmjs.org/is-extglob/-/is-extglob-2.1.1.tgz",
      "integrity": "sha512-SbKbANkN603Vi4jEZv49LeVJMn4yGwsbzZworEoyEiutsN3nJYdbO36zfhGJ6QEDpOZIFkDtnq5JRxmvl3jsoQ==",
      "engines": {
        "node": ">=0.10.0"
      }
    },
    "node_modules/is-glob": {
      "version": "4.0.3",
      "resolved": "https://registry.npmjs.org/is-glob/-/is-glob-4.0.3.tgz",
      "integrity": "sha512-xelSayHH36ZgE7ZWhli7pW34hNbNl8Ojv5KVmkJD4hBdD3th8Tfk9vYasLM+mXWOZhFkgZfxhLSnrwRr4elSSg==",
      "dependencies": {
        "is-extglob": "^2.1.1"
      },
      "engines": {
        "node": ">=0.10.0"
      }
    },
    "node_modules/is-number": {
      "version": "7.0.0",
      "resolved": "https://registry.npmjs.org/is-number/-/is-number-7.0.0.tgz",
      "integrity": "sha512-41Cifkg6e8TylSpdtTpeLVMqvSBEVzTttHvERD741+pnZ8ANv0004MRL43QKPDlK9cGvNp6NZWZUBlbGXYxxng==",
      "engines": {
        "node": ">=0.12.0"
      }
    },
    "node_modules/is-plain-obj": {
      "version": "3.0.0",
      "resolved": "https://registry.npmjs.org/is-plain-obj/-/is-plain-obj-3.0.0.tgz",
      "integrity": "sha512-gwsOE28k+23GP1B6vFl1oVh/WOzmawBrKwo5Ev6wMKzPkaXaCDIQKzLnvsA42DRlbVTWorkgTKIviAKCWkfUwA==",
      "engines": {
        "node": ">=10"
      },
      "funding": {
        "url": "https://github.com/sponsors/sindresorhus"
      }
    },
    "node_modules/micromatch": {
      "version": "4.0.8",
      "resolved": "https://registry.npmjs.org/micromatch/-/micromatch-4.0.8.tgz",
      "integrity": "sha512-PXwfBhYu0hBCPw8Dn0E+WDYb7af3dSLVWKi3HGv84IdF4TyFoC0ysxFd0Goxw7nSv4T/PzEJQxsYsEiFCKo2BA==",
      "dependencies": {
        "braces": "^3.0.3",
        "picomatch": "^2.3.1"
      },
      "engines": {
        "node": ">=8.6"
      }
    },
    "node_modules/mime-db": {
      "version": "1.52.0",
      "resolved": "https://registry.npmjs.org/mime-db/-/mime-db-1.52.0.tgz",
      "integrity": "sha512-sPU4uV7dYlvtWJxwwxHD0PuihVNiE7TyAbQ5SWxDCB9mUYvOgroQOwYQQOKPJ8CIbE+1ETVlOoK1UC2nU3gYvg==",
      "engines": {
        "node": ">= 0.6"
      }
    },
    "node_modules/mime-types": {
      "version": "2.1.35",
      "resolved": "https://registry.npmjs.org/mime-types/-/mime-types-2.1.35.tgz",
      "integrity": "sha512-ZDY+bPm5zTTF+YpCrAU9nK0UgICYPT0QtT1NZWFv4s++TNkcgVaT0g6+4R2uI4MjQjzysHB1zxuWL50hzaeXiw==",
      "dependencies": {
        "mime-db": "1.52.0"
      },
      "engines": {
        "node": ">= 0.6"
      }
    },
    "node_modules/ms": {
      "version": "2.1.2",
      "resolved": "https://registry.npmjs.org/ms/-/ms-2.1.2.tgz",
      "integrity": "sha512-sGkPx+VjMtmA6MX27oA4FBFELFCZZ4S4XqeGOXCv68tT+jb3vk/RyaKWP0PTKyWtmLSM0b+adUTEvbs1PEaH2w=="
    },
    "node_modules/next": {
      "resolved": "../../node_modules/.pnpm/next@14.2.6_react-dom@18.3.1_react@18.3.1__react@18.3.1/node_modules/next",
      "link": true
    },
    "node_modules/picomatch": {
      "version": "2.3.1",
      "resolved": "https://registry.npmjs.org/picomatch/-/picomatch-2.3.1.tgz",
      "integrity": "sha512-JU3teHTNjmE2VCGFzuY8EXzCDVwEqB2a8fsIvwaStHhAWJEeVd1o1QD80CU6+ZdEXXSLbSsuLwJjkCBWqRQUVA==",
      "engines": {
        "node": ">=8.6"
      },
      "funding": {
        "url": "https://github.com/sponsors/jonschlinkert"
      }
    },
    "node_modules/postcss": {
      "resolved": "../../node_modules/.pnpm/postcss@8.4.40/node_modules/postcss",
      "link": true
    },
    "node_modules/proxy-from-env": {
      "version": "1.1.0",
      "resolved": "https://registry.npmjs.org/proxy-from-env/-/proxy-from-env-1.1.0.tgz",
      "integrity": "sha512-D+zkORCbA9f1tdWRK0RaCR3GPv50cMxcrz4X8k5LTSUD1Dkw47mKJEZQNunItRTkWwgtaUSo1RVFRIG9ZXiFYg=="
    },
    "node_modules/react": {
      "resolved": "../../node_modules/.pnpm/react@18.3.1/node_modules/react",
      "link": true
    },
    "node_modules/react-dom": {
      "resolved": "../../node_modules/.pnpm/react-dom@18.3.1_react@18.3.1/node_modules/react-dom",
      "link": true
    },
    "node_modules/requires-port": {
      "version": "1.0.0",
      "resolved": "https://registry.npmjs.org/requires-port/-/requires-port-1.0.0.tgz",
      "integrity": "sha512-KigOCHcocU3XODJxsu8i/j8T9tzT4adHiecwORRQ0ZZFcp7ahwXuRU1m+yuO90C5ZUyGeGfocHDI14M3L3yDAQ=="
    },
    "node_modules/tailwindcss": {
      "resolved": "../../node_modules/.pnpm/tailwindcss@3.4.7_ts-node@10.9.2_@types+node@20.14.13_typescript@5.4.5_/node_modules/tailwindcss",
      "link": true
    },
    "node_modules/to-regex-range": {
      "version": "5.0.1",
      "resolved": "https://registry.npmjs.org/to-regex-range/-/to-regex-range-5.0.1.tgz",
      "integrity": "sha512-65P7iz6X5yEr1cwcgvQxbbIw7Uk3gOy5dIdtZ4rDveLqhrdJP+Li/Hx6tyK0NEb+2GCyneCMJiGqrADCSNk8sQ==",
      "dependencies": {
        "is-number": "^7.0.0"
      },
      "engines": {
        "node": ">=8.0"
      }
    },
    "node_modules/typescript": {
      "resolved": "../../node_modules/.pnpm/typescript@5.4.5/node_modules/typescript",
      "link": true
    },
    "node_modules/web3": {
      "resolved": "../../node_modules/.pnpm/web3@4.12.1_typescript@5.4.5_zod@3.23.8/node_modules/web3",
      "link": true
    },
    "node_modules/@next/swc-darwin-arm64": {
      "version": "14.2.6",
      "resolved": "https://registry.npmjs.org/@next/swc-darwin-arm64/-/swc-darwin-arm64-14.2.6.tgz",
      "integrity": "sha512-BtJZb+hYXGaVJJivpnDoi3JFVn80SHKCiiRUW3kk1SY6UCUy5dWFFSbh+tGi5lHAughzeduMyxbLt3pspvXNSg==",
      "cpu": [
        "arm64"
      ],
      "optional": true,
      "os": [
        "darwin"
      ],
      "engines": {
        "node": ">= 10"
      }
    },
    "node_modules/@next/swc-darwin-x64": {
      "version": "14.2.6",
      "resolved": "https://registry.npmjs.org/@next/swc-darwin-x64/-/swc-darwin-x64-14.2.6.tgz",
      "integrity": "sha512-ZHRbGpH6KHarzm6qEeXKSElSXh8dS2DtDPjQt3IMwY8QVk7GbdDYjvV4NgSnDA9huGpGgnyy3tH8i5yHCqVkiQ==",
      "cpu": [
        "x64"
      ],
      "optional": true,
      "os": [
        "darwin"
      ],
      "engines": {
        "node": ">= 10"
      }
    },
    "node_modules/@next/swc-linux-arm64-gnu": {
      "version": "14.2.6",
      "resolved": "https://registry.npmjs.org/@next/swc-linux-arm64-gnu/-/swc-linux-arm64-gnu-14.2.6.tgz",
      "integrity": "sha512-O4HqUEe3ZvKshXHcDUXn1OybN4cSZg7ZdwHJMGCXSUEVUqGTJVsOh17smqilIjooP/sIJksgl+1kcf2IWMZWHg==",
      "cpu": [
        "arm64"
      ],
      "optional": true,
      "os": [
        "linux"
      ],
      "engines": {
        "node": ">= 10"
      }
    },
    "node_modules/@next/swc-linux-arm64-musl": {
      "version": "14.2.6",
      "resolved": "https://registry.npmjs.org/@next/swc-linux-arm64-musl/-/swc-linux-arm64-musl-14.2.6.tgz",
      "integrity": "sha512-xUcdhr2hfalG8RDDGSFxQ75yOG894UlmFS4K2M0jLrUhauRBGOtUOxoDVwiIIuZQwZ3Y5hDsazNjdYGB0cQ9yQ==",
      "cpu": [
        "arm64"
      ],
      "optional": true,
      "os": [
        "linux"
      ],
      "engines": {
        "node": ">= 10"
      }
    },
    "node_modules/@next/swc-linux-x64-gnu": {
      "version": "14.2.6",
      "resolved": "https://registry.npmjs.org/@next/swc-linux-x64-gnu/-/swc-linux-x64-gnu-14.2.6.tgz",
      "integrity": "sha512-InosKxw8UMcA/wEib5n2QttwHSKHZHNSbGcMepBM0CTcNwpxWzX32KETmwbhKod3zrS8n1vJ+DuJKbL9ZAB0Ag==",
      "cpu": [
        "x64"
      ],
      "optional": true,
      "os": [
        "linux"
      ],
      "engines": {
        "node": ">= 10"
      }
    },
    "node_modules/@next/swc-linux-x64-musl": {
      "version": "14.2.6",
      "resolved": "https://registry.npmjs.org/@next/swc-linux-x64-musl/-/swc-linux-x64-musl-14.2.6.tgz",
      "integrity": "sha512-d4QXfJmt5pGJ7cG8qwxKSBnO5AXuKAFYxV7qyDRHnUNvY/dgDh+oX292gATpB2AAHgjdHd5ks1wXxIEj6muLUQ==",
      "cpu": [
        "x64"
      ],
      "optional": true,
      "os": [
        "linux"
      ],
      "engines": {
        "node": ">= 10"
      }
    },
    "node_modules/@next/swc-win32-arm64-msvc": {
      "version": "14.2.6",
      "resolved": "https://registry.npmjs.org/@next/swc-win32-arm64-msvc/-/swc-win32-arm64-msvc-14.2.6.tgz",
      "integrity": "sha512-AlgIhk4/G+PzOG1qdF1b05uKTMsuRatFlFzAi5G8RZ9h67CVSSuZSbqGHbJDlcV1tZPxq/d4G0q6qcHDKWf4aQ==",
      "cpu": [
        "arm64"
      ],
      "optional": true,
      "os": [
        "win32"
      ],
      "engines": {
        "node": ">= 10"
      }
    },
    "node_modules/@next/swc-win32-ia32-msvc": {
      "version": "14.2.6",
      "resolved": "https://registry.npmjs.org/@next/swc-win32-ia32-msvc/-/swc-win32-ia32-msvc-14.2.6.tgz",
      "integrity": "sha512-hNukAxq7hu4o5/UjPp5jqoBEtrpCbOmnUqZSKNJG8GrUVzfq0ucdhQFVrHcLRMvQcwqqDh1a5AJN9ORnNDpgBQ==",
      "cpu": [
        "ia32"
      ],
      "optional": true,
      "os": [
        "win32"
      ],
      "engines": {
        "node": ">= 10"
      }
    },
    "node_modules/@next/swc-win32-x64-msvc": {
      "version": "14.2.6",
      "resolved": "https://registry.npmjs.org/@next/swc-win32-x64-msvc/-/swc-win32-x64-msvc-14.2.6.tgz",
      "integrity": "sha512-NANtw+ead1rSDK1jxmzq3TYkl03UNK2KHqUYf1nIhNci6NkeqBD4s1njSzYGIlSHxCK+wSaL8RXZm4v+NF/pMw==",
      "cpu": [
        "x64"
      ],
      "optional": true,
      "os": [
        "win32"
      ],
      "engines": {
        "node": ">= 10"
      }
    }
  }
}
